// !$*UTF8*$!
{
	archiveVersion = 1;
	classes = {
	};
	objectVersion = 50;
	objects = {

/* Begin PBXBuildFile section */
		AC48BF88219FA69500CA1B1F /* AppDelegate.swift in Sources */ = {isa = PBXBuildFile; fileRef = AC48BF87219FA69500CA1B1F /* AppDelegate.swift */; };
		AC48BF8A219FA69500CA1B1F /* ViewController.swift in Sources */ = {isa = PBXBuildFile; fileRef = AC48BF89219FA69500CA1B1F /* ViewController.swift */; };
		AC48BF8C219FA69F00CA1B1F /* Assets.xcassets in Resources */ = {isa = PBXBuildFile; fileRef = AC48BF8B219FA69F00CA1B1F /* Assets.xcassets */; };
		AC48BF8F219FA69F00CA1B1F /* Main.storyboard in Resources */ = {isa = PBXBuildFile; fileRef = AC48BF8D219FA69F00CA1B1F /* Main.storyboard */; };
		AC48BF9B219FA6A000CA1B1F /* YCC_App_3Tests.swift in Sources */ = {isa = PBXBuildFile; fileRef = AC48BF9A219FA6A000CA1B1F /* YCC_App_3Tests.swift */; };
		ACEAAAF721A776930040F09A /* jewel1.jpeg in Resources */ = {isa = PBXBuildFile; fileRef = ACEAAAF621A776920040F09A /* jewel1.jpeg */; };
		ACEAAAF921A776A00040F09A /* jewel2.jpeg in Resources */ = {isa = PBXBuildFile; fileRef = ACEAAAF821A776A00040F09A /* jewel2.jpeg */; };
		ACEAAAFB21A77C960040F09A /* AnnotationView.swift in Sources */ = {isa = PBXBuildFile; fileRef = ACEAAAFA21A77C960040F09A /* AnnotationView.swift */; };
		ACEAAAFE21A8E9A40040F09A /* NSImageView+imageFrame.swift in Sources */ = {isa = PBXBuildFile; fileRef = ACEAAAFD21A8E9A40040F09A /* NSImageView+imageFrame.swift */; };
		ACEAAB0021A8EA7B0040F09A /* NSSize+aspectRatio.swift in Sources */ = {isa = PBXBuildFile; fileRef = ACEAAAFF21A8EA7B0040F09A /* NSSize+aspectRatio.swift */; };
		ACEAAB0221A8EC5B0040F09A /* VNTextObservation+boundingBoxScaled.swift in Sources */ = {isa = PBXBuildFile; fileRef = ACEAAB0121A8EC5B0040F09A /* VNTextObservation+boundingBoxScaled.swift */; };
		ACEAAB0521AA8DA10040F09A /* ImageTextDetector.swift in Sources */ = {isa = PBXBuildFile; fileRef = ACEAAB0421AA8DA10040F09A /* ImageTextDetector.swift */; };
/* End PBXBuildFile section */

/* Begin PBXContainerItemProxy section */
		AC48BF97219FA6A000CA1B1F /* PBXContainerItemProxy */ = {
			isa = PBXContainerItemProxy;
			containerPortal = AC48BF7C219FA69500CA1B1F /* Project object */;
			proxyType = 1;
			remoteGlobalIDString = AC48BF83219FA69500CA1B1F;
			remoteInfo = "YCC App 3";
		};
/* End PBXContainerItemProxy section */

/* Begin PBXFileReference section */
		AC48BF84219FA69500CA1B1F /* YCC App 3.app */ = {isa = PBXFileReference; explicitFileType = wrapper.application; includeInIndex = 0; path = "YCC App 3.app"; sourceTree = BUILT_PRODUCTS_DIR; };
		AC48BF87219FA69500CA1B1F /* AppDelegate.swift */ = {isa = PBXFileReference; lastKnownFileType = sourcecode.swift; path = AppDelegate.swift; sourceTree = "<group>"; };
		AC48BF89219FA69500CA1B1F /* ViewController.swift */ = {isa = PBXFileReference; lastKnownFileType = sourcecode.swift; path = ViewController.swift; sourceTree = "<group>"; };
		AC48BF8B219FA69F00CA1B1F /* Assets.xcassets */ = {isa = PBXFileReference; lastKnownFileType = folder.assetcatalog; path = Assets.xcassets; sourceTree = "<group>"; };
		AC48BF8E219FA69F00CA1B1F /* Base */ = {isa = PBXFileReference; lastKnownFileType = file.storyboard; name = Base; path = Base.lproj/Main.storyboard; sourceTree = "<group>"; };
		AC48BF90219FA69F00CA1B1F /* Info.plist */ = {isa = PBXFileReference; lastKnownFileType = text.plist.xml; path = Info.plist; sourceTree = "<group>"; };
		AC48BF91219FA69F00CA1B1F /* YCC_App_3.entitlements */ = {isa = PBXFileReference; lastKnownFileType = text.plist.entitlements; path = YCC_App_3.entitlements; sourceTree = "<group>"; };
		AC48BF96219FA6A000CA1B1F /* YCC App 3Tests.xctest */ = {isa = PBXFileReference; explicitFileType = wrapper.cfbundle; includeInIndex = 0; path = "YCC App 3Tests.xctest"; sourceTree = BUILT_PRODUCTS_DIR; };
		AC48BF9A219FA6A000CA1B1F /* YCC_App_3Tests.swift */ = {isa = PBXFileReference; lastKnownFileType = sourcecode.swift; path = YCC_App_3Tests.swift; sourceTree = "<group>"; };
		AC48BF9C219FA6A000CA1B1F /* Info.plist */ = {isa = PBXFileReference; lastKnownFileType = text.plist.xml; path = Info.plist; sourceTree = "<group>"; };
		AC48BFA5219FA6D700CA1B1F /* Ideas.md */ = {isa = PBXFileReference; lastKnownFileType = net.daringfireball.markdown; path = Ideas.md; sourceTree = "<group>"; };
		AC48BFA6219FA76F00CA1B1F /* Backend.md */ = {isa = PBXFileReference; lastKnownFileType = net.daringfireball.markdown; path = Backend.md; sourceTree = "<group>"; };
		ACEAAAF621A776920040F09A /* jewel1.jpeg */ = {isa = PBXFileReference; lastKnownFileType = image.jpeg; path = jewel1.jpeg; sourceTree = "<group>"; };
		ACEAAAF821A776A00040F09A /* jewel2.jpeg */ = {isa = PBXFileReference; lastKnownFileType = image.jpeg; path = jewel2.jpeg; sourceTree = "<group>"; };
		ACEAAAFA21A77C960040F09A /* AnnotationView.swift */ = {isa = PBXFileReference; lastKnownFileType = sourcecode.swift; path = AnnotationView.swift; sourceTree = "<group>"; };
		ACEAAAFD21A8E9A40040F09A /* NSImageView+imageFrame.swift */ = {isa = PBXFileReference; lastKnownFileType = sourcecode.swift; path = "NSImageView+imageFrame.swift"; sourceTree = "<group>"; };
		ACEAAAFF21A8EA7B0040F09A /* NSSize+aspectRatio.swift */ = {isa = PBXFileReference; lastKnownFileType = sourcecode.swift; path = "NSSize+aspectRatio.swift"; sourceTree = "<group>"; };
		ACEAAB0121A8EC5B0040F09A /* VNTextObservation+boundingBoxScaled.swift */ = {isa = PBXFileReference; lastKnownFileType = sourcecode.swift; path = "VNTextObservation+boundingBoxScaled.swift"; sourceTree = "<group>"; };
		ACEAAB0421AA8DA10040F09A /* ImageTextDetector.swift */ = {isa = PBXFileReference; lastKnownFileType = sourcecode.swift; path = ImageTextDetector.swift; sourceTree = "<group>"; };
/* End PBXFileReference section */

/* Begin PBXFrameworksBuildPhase section */
		AC48BF81219FA69500CA1B1F /* Frameworks */ = {
			isa = PBXFrameworksBuildPhase;
			buildActionMask = 2147483647;
			files = (
			);
			runOnlyForDeploymentPostprocessing = 0;
		};
		AC48BF93219FA6A000CA1B1F /* Frameworks */ = {
			isa = PBXFrameworksBuildPhase;
			buildActionMask = 2147483647;
			files = (
			);
			runOnlyForDeploymentPostprocessing = 0;
		};
/* End PBXFrameworksBuildPhase section */

/* Begin PBXGroup section */
		AC48BF7B219FA69500CA1B1F = {
			isa = PBXGroup;
			children = (
				AC48BF86219FA69500CA1B1F /* YCC App 3 */,
				AC48BF99219FA6A000CA1B1F /* YCC App 3Tests */,
				AC48BF85219FA69500CA1B1F /* Products */,
			);
			sourceTree = "<group>";
		};
		AC48BF85219FA69500CA1B1F /* Products */ = {
			isa = PBXGroup;
			children = (
				AC48BF84219FA69500CA1B1F /* YCC App 3.app */,
				AC48BF96219FA6A000CA1B1F /* YCC App 3Tests.xctest */,
			);
			name = Products;
			sourceTree = "<group>";
		};
		AC48BF86219FA69500CA1B1F /* YCC App 3 */ = {
			isa = PBXGroup;
			children = (
				ACEAAB0321AA8AD00040F09A /* Models */,
				ACEAAB0621AA8E850040F09A /* Views */,
				ACEAAAFC21A8E97F0040F09A /* Extensions */,
				AC48BF87219FA69500CA1B1F /* AppDelegate.swift */,
				AC48BF89219FA69500CA1B1F /* ViewController.swift */,
				AC48BF8B219FA69F00CA1B1F /* Assets.xcassets */,
				ACEAAAF621A776920040F09A /* jewel1.jpeg */,
				ACEAAAF821A776A00040F09A /* jewel2.jpeg */,
				AC48BF8D219FA69F00CA1B1F /* Main.storyboard */,
				AC48BF90219FA69F00CA1B1F /* Info.plist */,
				AC48BF91219FA69F00CA1B1F /* YCC_App_3.entitlements */,
				AC48BFA5219FA6D700CA1B1F /* Ideas.md */,
				AC48BFA6219FA76F00CA1B1F /* Backend.md */,
			);
			path = "YCC App 3";
			sourceTree = "<group>";
		};
		AC48BF99219FA6A000CA1B1F /* YCC App 3Tests */ = {
			isa = PBXGroup;
			children = (
				AC48BF9A219FA6A000CA1B1F /* YCC_App_3Tests.swift */,
				AC48BF9C219FA6A000CA1B1F /* Info.plist */,
			);
			path = "YCC App 3Tests";
			sourceTree = "<group>";
		};
		ACEAAAFC21A8E97F0040F09A /* Extensions */ = {
			isa = PBXGroup;
			children = (
				ACEAAAFD21A8E9A40040F09A /* NSImageView+imageFrame.swift */,
				ACEAAAFF21A8EA7B0040F09A /* NSSize+aspectRatio.swift */,
				ACEAAB0121A8EC5B0040F09A /* VNTextObservation+boundingBoxScaled.swift */,
			);
			path = Extensions;
			sourceTree = "<group>";
		};
		ACEAAB0321AA8AD00040F09A /* Models */ = {
			isa = PBXGroup;
			children = (
				ACEAAB0421AA8DA10040F09A /* ImageTextDetector.swift */,
			);
			path = Models;
			sourceTree = "<group>";
		};
		ACEAAB0621AA8E850040F09A /* Views */ = {
			isa = PBXGroup;
			children = (
				ACEAAAFA21A77C960040F09A /* AnnotationView.swift */,
			);
			path = Views;
			sourceTree = "<group>";
		};
/* End PBXGroup section */

/* Begin PBXNativeTarget section */
		AC48BF83219FA69500CA1B1F /* YCC App 3 */ = {
			isa = PBXNativeTarget;
			buildConfigurationList = AC48BF9F219FA6A000CA1B1F /* Build configuration list for PBXNativeTarget "YCC App 3" */;
			buildPhases = (
				AC48BF80219FA69500CA1B1F /* Sources */,
				AC48BF81219FA69500CA1B1F /* Frameworks */,
				AC48BF82219FA69500CA1B1F /* Resources */,
			);
			buildRules = (
			);
			dependencies = (
			);
			name = "YCC App 3";
			productName = "YCC App 3";
			productReference = AC48BF84219FA69500CA1B1F /* YCC App 3.app */;
			productType = "com.apple.product-type.application";
		};
		AC48BF95219FA6A000CA1B1F /* YCC App 3Tests */ = {
			isa = PBXNativeTarget;
			buildConfigurationList = AC48BFA2219FA6A000CA1B1F /* Build configuration list for PBXNativeTarget "YCC App 3Tests" */;
			buildPhases = (
				AC48BF92219FA6A000CA1B1F /* Sources */,
				AC48BF93219FA6A000CA1B1F /* Frameworks */,
				AC48BF94219FA6A000CA1B1F /* Resources */,
			);
			buildRules = (
			);
			dependencies = (
				AC48BF98219FA6A000CA1B1F /* PBXTargetDependency */,
			);
			name = "YCC App 3Tests";
			productName = "YCC App 3Tests";
			productReference = AC48BF96219FA6A000CA1B1F /* YCC App 3Tests.xctest */;
			productType = "com.apple.product-type.bundle.unit-test";
		};
/* End PBXNativeTarget section */

/* Begin PBXProject section */
		AC48BF7C219FA69500CA1B1F /* Project object */ = {
			isa = PBXProject;
			attributes = {
				LastSwiftUpdateCheck = 1010;
				LastUpgradeCheck = 1010;
				ORGANIZATIONNAME = "Vikram Raj Gopinathan";
				TargetAttributes = {
					AC48BF83219FA69500CA1B1F = {
						CreatedOnToolsVersion = 10.1;
					};
					AC48BF95219FA6A000CA1B1F = {
						CreatedOnToolsVersion = 10.1;
						TestTargetID = AC48BF83219FA69500CA1B1F;
					};
				};
			};
			buildConfigurationList = AC48BF7F219FA69500CA1B1F /* Build configuration list for PBXProject "YCC App 3" */;
			compatibilityVersion = "Xcode 9.3";
			developmentRegion = en;
			hasScannedForEncodings = 0;
			knownRegions = (
				en,
				Base,
			);
			mainGroup = AC48BF7B219FA69500CA1B1F;
			productRefGroup = AC48BF85219FA69500CA1B1F /* Products */;
			projectDirPath = "";
			projectRoot = "";
			targets = (
				AC48BF83219FA69500CA1B1F /* YCC App 3 */,
				AC48BF95219FA6A000CA1B1F /* YCC App 3Tests */,
			);
		};
/* End PBXProject section */

/* Begin PBXResourcesBuildPhase section */
		AC48BF82219FA69500CA1B1F /* Resources */ = {
			isa = PBXResourcesBuildPhase;
			buildActionMask = 2147483647;
			files = (
				ACEAAAF921A776A00040F09A /* jewel2.jpeg in Resources */,
				ACEAAAF721A776930040F09A /* jewel1.jpeg in Resources */,
				AC48BF8C219FA69F00CA1B1F /* Assets.xcassets in Resources */,
				AC48BF8F219FA69F00CA1B1F /* Main.storyboard in Resources */,
			);
			runOnlyForDeploymentPostprocessing = 0;
		};
		AC48BF94219FA6A000CA1B1F /* Resources */ = {
			isa = PBXResourcesBuildPhase;
			buildActionMask = 2147483647;
			files = (
			);
			runOnlyForDeploymentPostprocessing = 0;
		};
/* End PBXResourcesBuildPhase section */

/* Begin PBXSourcesBuildPhase section */
		AC48BF80219FA69500CA1B1F /* Sources */ = {
			isa = PBXSourcesBuildPhase;
			buildActionMask = 2147483647;
			files = (
				AC48BF8A219FA69500CA1B1F /* ViewController.swift in Sources */,
				ACEAAAFB21A77C960040F09A /* AnnotationView.swift in Sources */,
				AC48BF88219FA69500CA1B1F /* AppDelegate.swift in Sources */,
				ACEAAB0021A8EA7B0040F09A /* NSSize+aspectRatio.swift in Sources */,
				ACEAAAFE21A8E9A40040F09A /* NSImageView+imageFrame.swift in Sources */,
				ACEAAB0221A8EC5B0040F09A /* VNTextObservation+boundingBoxScaled.swift in Sources */,
				ACEAAB0521AA8DA10040F09A /* ImageTextDetector.swift in Sources */,
			);
			runOnlyForDeploymentPostprocessing = 0;
		};
		AC48BF92219FA6A000CA1B1F /* Sources */ = {
			isa = PBXSourcesBuildPhase;
			buildActionMask = 2147483647;
			files = (
				AC48BF9B219FA6A000CA1B1F /* YCC_App_3Tests.swift in Sources */,
			);
			runOnlyForDeploymentPostprocessing = 0;
		};
/* End PBXSourcesBuildPhase section */

/* Begin PBXTargetDependency section */
		AC48BF98219FA6A000CA1B1F /* PBXTargetDependency */ = {
			isa = PBXTargetDependency;
			target = AC48BF83219FA69500CA1B1F /* YCC App 3 */;
			targetProxy = AC48BF97219FA6A000CA1B1F /* PBXContainerItemProxy */;
		};
/* End PBXTargetDependency section */

/* Begin PBXVariantGroup section */
		AC48BF8D219FA69F00CA1B1F /* Main.storyboard */ = {
			isa = PBXVariantGroup;
			children = (
				AC48BF8E219FA69F00CA1B1F /* Base */,
			);
			name = Main.storyboard;
			sourceTree = "<group>";
		};
/* End PBXVariantGroup section */

/* Begin XCBuildConfiguration section */
		AC48BF9D219FA6A000CA1B1F /* Debug */ = {
			isa = XCBuildConfiguration;
			buildSettings = {
				ALWAYS_SEARCH_USER_PATHS = NO;
				CLANG_ANALYZER_NONNULL = YES;
				CLANG_ANALYZER_NUMBER_OBJECT_CONVERSION = YES_AGGRESSIVE;
				CLANG_CXX_LANGUAGE_STANDARD = "gnu++14";
				CLANG_CXX_LIBRARY = "libc++";
				CLANG_ENABLE_MODULES = YES;
				CLANG_ENABLE_OBJC_ARC = YES;
				CLANG_ENABLE_OBJC_WEAK = YES;
				CLANG_WARN_BLOCK_CAPTURE_AUTORELEASING = YES;
				CLANG_WARN_BOOL_CONVERSION = YES;
				CLANG_WARN_COMMA = YES;
				CLANG_WARN_CONSTANT_CONVERSION = YES;
				CLANG_WARN_DEPRECATED_OBJC_IMPLEMENTATIONS = YES;
				CLANG_WARN_DIRECT_OBJC_ISA_USAGE = YES_ERROR;
				CLANG_WARN_DOCUMENTATION_COMMENTS = YES;
				CLANG_WARN_EMPTY_BODY = YES;
				CLANG_WARN_ENUM_CONVERSION = YES;
				CLANG_WARN_INFINITE_RECURSION = YES;
				CLANG_WARN_INT_CONVERSION = YES;
				CLANG_WARN_NON_LITERAL_NULL_CONVERSION = YES;
				CLANG_WARN_OBJC_IMPLICIT_RETAIN_SELF = YES;
				CLANG_WARN_OBJC_LITERAL_CONVERSION = YES;
				CLANG_WARN_OBJC_ROOT_CLASS = YES_ERROR;
				CLANG_WARN_RANGE_LOOP_ANALYSIS = YES;
				CLANG_WARN_STRICT_PROTOTYPES = YES;
				CLANG_WARN_SUSPICIOUS_MOVE = YES;
				CLANG_WARN_UNGUARDED_AVAILABILITY = YES_AGGRESSIVE;
				CLANG_WARN_UNREACHABLE_CODE = YES;
				CLANG_WARN__DUPLICATE_METHOD_MATCH = YES;
				CODE_SIGN_IDENTITY = "-";
				COPY_PHASE_STRIP = NO;
				DEBUG_INFORMATION_FORMAT = dwarf;
				ENABLE_STRICT_OBJC_MSGSEND = YES;
				ENABLE_TESTABILITY = YES;
				GCC_C_LANGUAGE_STANDARD = gnu11;
				GCC_DYNAMIC_NO_PIC = NO;
				GCC_NO_COMMON_BLOCKS = YES;
				GCC_OPTIMIZATION_LEVEL = 0;
				GCC_PREPROCESSOR_DEFINITIONS = (
					"DEBUG=1",
					"$(inherited)",
				);
				GCC_WARN_64_TO_32_BIT_CONVERSION = YES;
				GCC_WARN_ABOUT_RETURN_TYPE = YES_ERROR;
				GCC_WARN_UNDECLARED_SELECTOR = YES;
				GCC_WARN_UNINITIALIZED_AUTOS = YES_AGGRESSIVE;
				GCC_WARN_UNUSED_FUNCTION = YES;
				GCC_WARN_UNUSED_VARIABLE = YES;
				MACOSX_DEPLOYMENT_TARGET = 10.14;
				MTL_ENABLE_DEBUG_INFO = INCLUDE_SOURCE;
				MTL_FAST_MATH = YES;
				ONLY_ACTIVE_ARCH = YES;
				SDKROOT = macosx;
				SWIFT_ACTIVE_COMPILATION_CONDITIONS = DEBUG;
				SWIFT_OPTIMIZATION_LEVEL = "-Onone";
			};
			name = Debug;
		};
		AC48BF9E219FA6A000CA1B1F /* Release */ = {
			isa = XCBuildConfiguration;
			buildSettings = {
				ALWAYS_SEARCH_USER_PATHS = NO;
				CLANG_ANALYZER_NONNULL = YES;
				CLANG_ANALYZER_NUMBER_OBJECT_CONVERSION = YES_AGGRESSIVE;
				CLANG_CXX_LANGUAGE_STANDARD = "gnu++14";
				CLANG_CXX_LIBRARY = "libc++";
				CLANG_ENABLE_MODULES = YES;
				CLANG_ENABLE_OBJC_ARC = YES;
				CLANG_ENABLE_OBJC_WEAK = YES;
				CLANG_WARN_BLOCK_CAPTURE_AUTORELEASING = YES;
				CLANG_WARN_BOOL_CONVERSION = YES;
				CLANG_WARN_COMMA = YES;
				CLANG_WARN_CONSTANT_CONVERSION = YES;
				CLANG_WARN_DEPRECATED_OBJC_IMPLEMENTATIONS = YES;
				CLANG_WARN_DIRECT_OBJC_ISA_USAGE = YES_ERROR;
				CLANG_WARN_DOCUMENTATION_COMMENTS = YES;
				CLANG_WARN_EMPTY_BODY = YES;
				CLANG_WARN_ENUM_CONVERSION = YES;
				CLANG_WARN_INFINITE_RECURSION = YES;
				CLANG_WARN_INT_CONVERSION = YES;
				CLANG_WARN_NON_LITERAL_NULL_CONVERSION = YES;
				CLANG_WARN_OBJC_IMPLICIT_RETAIN_SELF = YES;
				CLANG_WARN_OBJC_LITERAL_CONVERSION = YES;
				CLANG_WARN_OBJC_ROOT_CLASS = YES_ERROR;
				CLANG_WARN_RANGE_LOOP_ANALYSIS = YES;
				CLANG_WARN_STRICT_PROTOTYPES = YES;
				CLANG_WARN_SUSPICIOUS_MOVE = YES;
				CLANG_WARN_UNGUARDED_AVAILABILITY = YES_AGGRESSIVE;
				CLANG_WARN_UNREACHABLE_CODE = YES;
				CLANG_WARN__DUPLICATE_METHOD_MATCH = YES;
				CODE_SIGN_IDENTITY = "-";
				COPY_PHASE_STRIP = NO;
				DEBUG_INFORMATION_FORMAT = "dwarf-with-dsym";
				ENABLE_NS_ASSERTIONS = NO;
				ENABLE_STRICT_OBJC_MSGSEND = YES;
				GCC_C_LANGUAGE_STANDARD = gnu11;
				GCC_NO_COMMON_BLOCKS = YES;
				GCC_WARN_64_TO_32_BIT_CONVERSION = YES;
				GCC_WARN_ABOUT_RETURN_TYPE = YES_ERROR;
				GCC_WARN_UNDECLARED_SELECTOR = YES;
				GCC_WARN_UNINITIALIZED_AUTOS = YES_AGGRESSIVE;
				GCC_WARN_UNUSED_FUNCTION = YES;
				GCC_WARN_UNUSED_VARIABLE = YES;
				MACOSX_DEPLOYMENT_TARGET = 10.14;
				MTL_ENABLE_DEBUG_INFO = NO;
				MTL_FAST_MATH = YES;
				SDKROOT = macosx;
				SWIFT_COMPILATION_MODE = wholemodule;
				SWIFT_OPTIMIZATION_LEVEL = "-O";
			};
			name = Release;
		};
		AC48BFA0219FA6A000CA1B1F /* Debug */ = {
			isa = XCBuildConfiguration;
			buildSettings = {
				ASSETCATALOG_COMPILER_APPICON_NAME = AppIcon;
				CODE_SIGN_ENTITLEMENTS = "YCC App 3/YCC_App_3.entitlements";
				CODE_SIGN_STYLE = Automatic;
				COMBINE_HIDPI_IMAGES = YES;
				INFOPLIST_FILE = "YCC App 3/Info.plist";
				LD_RUNPATH_SEARCH_PATHS = (
					"$(inherited)",
					"@executable_path/../Frameworks",
				);
				PRODUCT_BUNDLE_IDENTIFIER = "com.kivi.YCC-App-3";
				PRODUCT_NAME = "$(TARGET_NAME)";
				SWIFT_VERSION = 4.2;
			};
			name = Debug;
		};
		AC48BFA1219FA6A000CA1B1F /* Release */ = {
			isa = XCBuildConfiguration;
			buildSettings = {
				ASSETCATALOG_COMPILER_APPICON_NAME = AppIcon;
				CODE_SIGN_ENTITLEMENTS = "YCC App 3/YCC_App_3.entitlements";
				CODE_SIGN_STYLE = Automatic;
				COMBINE_HIDPI_IMAGES = YES;
				INFOPLIST_FILE = "YCC App 3/Info.plist";
				LD_RUNPATH_SEARCH_PATHS = (
					"$(inherited)",
					"@executable_path/../Frameworks",
				);
				PRODUCT_BUNDLE_IDENTIFIER = "com.kivi.YCC-App-3";
				PRODUCT_NAME = "$(TARGET_NAME)";
				SWIFT_VERSION = 4.2;
			};
			name = Release;
		};
		AC48BFA3219FA6A000CA1B1F /* Debug */ = {
			isa = XCBuildConfiguration;
			buildSettings = {
				ALWAYS_EMBED_SWIFT_STANDARD_LIBRARIES = YES;
				BUNDLE_LOADER = "$(TEST_HOST)";
				CODE_SIGN_STYLE = Automatic;
				COMBINE_HIDPI_IMAGES = YES;
				INFOPLIST_FILE = "YCC App 3Tests/Info.plist";
				LD_RUNPATH_SEARCH_PATHS = (
					"$(inherited)",
					"@executable_path/../Frameworks",
					"@loader_path/../Frameworks",
				);
				PRODUCT_BUNDLE_IDENTIFIER = "com.kivi.YCC-App-3Tests";
				PRODUCT_NAME = "$(TARGET_NAME)";
				SWIFT_VERSION = 4.2;
				TEST_HOST = "$(BUILT_PRODUCTS_DIR)/YCC App 3.app/Contents/MacOS/YCC App 3";
			};
			name = Debug;
		};
		AC48BFA4219FA6A000CA1B1F /* Release */ = {
			isa = XCBuildConfiguration;
			buildSettings = {
				ALWAYS_EMBED_SWIFT_STANDARD_LIBRARIES = YES;
				BUNDLE_LOADER = "$(TEST_HOST)";
				CODE_SIGN_STYLE = Automatic;
				COMBINE_HIDPI_IMAGES = YES;
				INFOPLIST_FILE = "YCC App 3Tests/Info.plist";
				LD_RUNPATH_SEARCH_PATHS = (
					"$(inherited)",
					"@executable_path/../Frameworks",
					"@loader_path/../Frameworks",
				);
				PRODUCT_BUNDLE_IDENTIFIER = "com.kivi.YCC-App-3Tests";
				PRODUCT_NAME = "$(TARGET_NAME)";
				SWIFT_VERSION = 4.2;
				TEST_HOST = "$(BUILT_PRODUCTS_DIR)/YCC App 3.app/Contents/MacOS/YCC App 3";
			};
			name = Release;
		};
/* End XCBuildConfiguration section */

/* Begin XCConfigurationList section */
		AC48BF7F219FA69500CA1B1F /* Build configuration list for PBXProject "YCC App 3" */ = {
			isa = XCConfigurationList;
			buildConfigurations = (
				AC48BF9D219FA6A000CA1B1F /* Debug */,
				AC48BF9E219FA6A000CA1B1F /* Release */,
			);
			defaultConfigurationIsVisible = 0;
			defaultConfigurationName = Release;
		};
		AC48BF9F219FA6A000CA1B1F /* Build configuration list for PBXNativeTarget "YCC App 3" */ = {
			isa = XCConfigurationList;
			buildConfigurations = (
				AC48BFA0219FA6A000CA1B1F /* Debug */,
				AC48BFA1219FA6A000CA1B1F /* Release */,
			);
			defaultConfigurationIsVisible = 0;
			defaultConfigurationName = Release;
		};
		AC48BFA2219FA6A000CA1B1F /* Build configuration list for PBXNativeTarget "YCC App 3Tests" */ = {
			isa = XCConfigurationList;
			buildConfigurations = (
				AC48BFA3219FA6A000CA1B1F /* Debug */,
				AC48BFA4219FA6A000CA1B1F /* Release */,
			);
			defaultConfigurationIsVisible = 0;
			defaultConfigurationName = Release;
		};
/* End XCConfigurationList section */
	};
	rootObject = AC48BF7C219FA69500CA1B1F /* Project object */;
}
